apiVersion: "helm-expt.confighub.com/v1alpha1"
kind: "SourceLock"
metadata:
  name: "open-telemetry-opentelemetry-operator-0-114-0"
spec:
  sourceType: "HelmChart"
  repositoryName: "open-telemetry"
  repositoryURL: "https://open-telemetry.github.io/opentelemetry-helm-charts"
  chart: "opentelemetry-operator"
  ref: "open-telemetry/opentelemetry-operator"
  version: "0.114.0"
  appVersion: "0.152.0"
  packageSHA256: "450c24e9d279534413860d9fb4dbe2609f8c32b8a3e2990833ee4f53d0e8546e"
  packageBytes: 67522
  capturedAt: "generated-by-next80-full-proof-harness"
