apiVersion: "helm-expt.confighub.com/v1alpha1"
kind: "SourceLock"
metadata:
  name: "percona-psmdb-operator-1-23-0"
spec:
  sourceType: "HelmChart"
  repositoryName: "percona"
  repositoryURL: "https://percona.github.io/percona-helm-charts/"
  chart: "psmdb-operator"
  ref: "percona/psmdb-operator"
  version: "1.23.0"
  appVersion: "1.23.0"
  packageSHA256: "1b3c74e100e80a17d7333bada040116c8dfca9c7340548c3f3d6925d7574b81e"
  packageBytes: 83447
  capturedAt: "generated-by-successor-track-harness"
