apiVersion: "helm-expt.confighub.com/v1alpha1"
kind: "SourceLock"
metadata:
  name: "dra-driver-nvidia-dra-driver-nvidia-gpu-0.5.0"
spec:
  sourceType: "HelmChart"
  repositoryName: "dra-driver-nvidia"
  repositoryURL: "oci://registry.k8s.io/dra-driver-nvidia/charts"
  chart: "dra-driver-nvidia-gpu"
  version: "0.5.0"
  appVersion: "0.5.0"
  packageSHA256: "c7ca3dc31a6fa8b85c6fd5ee40948cf8d9162e32f20db9fc085113b4035e8b35"
  packageBytes: 21833
  exactArtifact:
    url: "oci://registry.k8s.io/dra-driver-nvidia/charts/dra-driver-nvidia-gpu:0.5.0"
    sha256: "c7ca3dc31a6fa8b85c6fd5ee40948cf8d9162e32f20db9fc085113b4035e8b35"
    resolution: "artifact-addressed"
  evidence:
    exactArtifactRenderReceipt: "revisions/default/r001/receipts/render-receipt.yaml"
