apiVersion: "helm-expt.confighub.com/v1alpha1"
kind: "SourceLock"
metadata:
  name: "coredns-coredns-1-45-2"
spec:
  sourceType: "HelmChart"
  repositoryName: "coredns"
  repositoryURL: "https://coredns.github.io/helm"
  chart: "coredns"
  ref: "coredns/coredns"
  version: "1.45.2"
  appVersion: "1.13.1"
  packageSHA256: "fc1919f05b8640862d86965a2ee7065f2ddf0d4b39b94627263bb8ab490d678d"
  packageBytes: 20092
  capturedAt: "generated-by-next80-full-proof-harness"
