apiVersion: "helm-expt.confighub.com/v1alpha1"
kind: "SourceLock"
metadata:
  name: "sealed-secrets-sealed-secrets-2-18-6"
spec:
  sourceType: "HelmChart"
  repositoryName: "sealed-secrets"
  repositoryURL: "https://bitnami-labs.github.io/sealed-secrets"
  chart: "sealed-secrets"
  ref: "sealed-secrets/sealed-secrets"
  version: "2.18.6"
  appVersion: "0.37.0"
  packageSHA256: "4af8cb2b150b83460f15242e36706159cb77f6ba834f79a7bd172cb2f5debc72"
  packageBytes: 21932
  capturedAt: "generated-by-next80-full-proof-harness"
