apiVersion: helm-expt.confighub.com/v1alpha1
kind: DependencyLock
metadata:
  name: bitnami-redis-25.5.3
spec:
  chart: bitnami/redis
  version: 25.5.3
  dependencies:
    - name: common
      version: "2.39.0"
      repository: oci://registry-1.docker.io/bitnamicharts
      type: library
  chartLockDigest: null
  chartLockProvenance:
    status: source-derived-from-packaged-chart-yaml
    packageSHA256: "aa5360967bc1adadf69f0ce91d762f0bb4d80ca36758b37d7d8f1ef981257baf"
    packageContainsChartLock: false
    dependencySource: Chart.yaml dependencies from the chart package recorded in source-lock.yaml
