apiVersion: "helm-expt.confighub.com/v1alpha1"
kind: "SourceLock"
metadata:
  name: "node-feature-discovery-node-feature-discovery-0.19.0"
spec:
  sourceType: "HelmChart"
  repositoryName: "node-feature-discovery"
  repositoryURL: "https://kubernetes-sigs.github.io/node-feature-discovery/charts"
  chart: "node-feature-discovery"
  version: "0.19.0"
  appVersion: "v0.19.0"
  packageSHA256: "9e93b360e6167b782759026de40ba9d68d44c3e8b0b53b735592ad48fd3339ad"
  packageBytes: 77300
  exactArtifact:
    url: "https://github.com/kubernetes-sigs/node-feature-discovery/releases/download/v0.19.0/node-feature-discovery-chart-0.19.0.tgz"
    sha256: "9e93b360e6167b782759026de40ba9d68d44c3e8b0b53b735592ad48fd3339ad"
    resolution: "artifact-addressed"
  evidence:
    exactArtifactRenderReceipt: "revisions/default/r001/receipts/render-receipt.yaml"
