apiVersion: "helm-expt.confighub.com/v1alpha1"
kind: "DependencyLock"
metadata:
  name: "bitnami-postgresql-18.6.7"
spec:
  chart: "bitnami/postgresql"
  version: "18.6.7"
  dependencies:
    -
      name: "common"
      repository: "oci://registry-1.docker.io/bitnamicharts"
      tags:
        - "bitnami-common"
      version: "2.39.0"
  chartLockDigest: null
  chartLockProvenance:
    status: "source-derived-from-packaged-chart-yaml"
    packageSHA256: "0ad5b7d9d50f53000b2369e3ee6aa70b32c3b91c363a118c78d9204ae3f98fe5"
    packageContainsChartLock: false
    dependencySource: "Chart.yaml dependencies from the chart package recorded in source-lock.yaml"
