apiVersion: "helm-expt.confighub.com/v1alpha1"
kind: "SourceLock"
metadata:
  name: "grafana-loki-7.3.0"
spec:
  sourceType: "HelmChart"
  repositoryName: "grafana"
  repositoryURL: "https://grafana.github.io/helm-charts"
  chart: "loki"
  version: "7.3.0"
  appVersion: "3.6.12"
  packageSHA256: "04a339f712d770a1f599f05fc0a5a3cde18e43914e49ae6a49f7171be86bcc09"
  packageBytes: 169094
  exactArtifact:
    url: "https://github.com/grafana/helm-charts/releases/download/helm-loki-7.3.0/loki-7.3.0.tgz"
    sha256: "04a339f712d770a1f599f05fc0a5a3cde18e43914e49ae6a49f7171be86bcc09"
    resolution: "artifact-addressed"
  evidence:
    exactArtifactRenderReceipt: "revisions/default/r001/receipts/render-receipt.yaml"
