apiVersion: "helm-expt.confighub.com/v1alpha1"
kind: "SourceLock"
metadata:
  name: "eks-aws-efa-k8s-device-plugin-v0.5.29"
spec:
  sourceType: "HelmChart"
  repositoryName: "eks"
  repositoryURL: "https://aws.github.io/eks-charts"
  chart: "aws-efa-k8s-device-plugin"
  version: "v0.5.29"
  appVersion: "v0.5.20"
  packageSHA256: "078610ef669714f39be77d133674c7721fb3ca123213b3d6b16938c8c0d2e034"
  packageBytes: 4212
  exactArtifact:
    url: "https://aws.github.io/eks-charts/aws-efa-k8s-device-plugin-v0.5.29.tgz"
    sha256: "078610ef669714f39be77d133674c7721fb3ca123213b3d6b16938c8c0d2e034"
    resolution: "artifact-addressed"
  evidence:
    exactArtifactRenderReceipt: "revisions/default/r001/receipts/render-receipt.yaml"
