apiVersion: "helm-expt.confighub.com/v1alpha1"
kind: "SourceLock"
metadata:
  name: "prometheus-community-prometheus-operator-crds-29-0-0"
spec:
  sourceType: "HelmChart"
  repositoryName: "prometheus-community"
  repositoryURL: "https://prometheus-community.github.io/helm-charts"
  chart: "prometheus-operator-crds"
  ref: "prometheus-community/prometheus-operator-crds"
  version: "29.0.0"
  appVersion: "v0.91.0"
  packageSHA256: "25b32cd6f4483e0ebe9ebd08b8cd1c073ff734ceb82e84bacfb75d552ce2fafd"
  packageBytes: 455441
  capturedAt: "generated-by-next80-full-proof-harness"
