apiVersion: "helm-expt.confighub.com/v1alpha1"
kind: "DependencyLock"
metadata:
  name: "bitnami-nginx-24.0.2"
spec:
  chart: "bitnami/nginx"
  version: "24.0.2"
  dependencies:
    -
      name: "common"
      repository: "oci://registry-1.docker.io/bitnamicharts"
      tags:
        - "bitnami-common"
      version: "2.40.0"
  chartLockDigest: null
  chartLockProvenance:
    status: "source-derived-from-packaged-chart-yaml"
    packageSHA256: "de4124245234c508f16f074351f66e701e101177439f38ddee89e5a038dae3a3"
    packageContainsChartLock: false
    dependencySource: "Chart.yaml dependencies from the chart package recorded in source-lock.yaml"
