apiVersion: "helm-expt.confighub.com/v1alpha1"
kind: "SourceLock"
metadata:
  name: "bitnami-nginx-24.0.2"
spec:
  sourceType: "HelmChart"
  repositoryName: "bitnami"
  repositoryURL: "https://charts.bitnami.com/bitnami"
  chart: "nginx"
  version: "24.0.2"
  appVersion: "1.31.1"
  deprecated: false
  packageSHA256: "de4124245234c508f16f074351f66e701e101177439f38ddee89e5a038dae3a3"
  packageBytes: 60997
  evidence:
    harnessReceipt: "../../../../data/adversarial10/charts/bitnami-nginx-24.0.2/render-receipt.yaml"
