apiVersion: "helm-expt.confighub.com/v1alpha1"
kind: "SourceLock"
metadata:
  name: "ingress-nginx-ingress-nginx-4.15.1"
spec:
  sourceType: "HelmChart"
  repositoryName: "ingress-nginx"
  repositoryURL: "https://kubernetes.github.io/ingress-nginx"
  chart: "ingress-nginx"
  version: "4.15.1"
  appVersion: "1.15.1"
  packageSHA256: "3eff0bd18151d6e6b1c441463410571443dda1ac78292cb189346628de784f0c"
  packageBytes: 63237
  evidence:
    harnessReceipt: "../../../../data/adversarial10/charts/ingress-nginx-ingress-nginx-4.15.1/render-receipt.yaml"
