apiVersion: "helm-expt.confighub.com/v1alpha1"
kind: "SourceLock"
metadata:
  name: "longhorn-longhorn-1.12.1"
spec:
  sourceType: "HelmChart"
  repositoryName: "longhorn"
  repositoryURL: "https://charts.longhorn.io"
  chart: "longhorn"
  version: "1.12.1"
  appVersion: "v1.12.1"
  packageSHA256: "c8cf4b35a9d872cd5f7e44fd26d8e6ac7c2abaee42f4e2f2a0b0ebbc6e3a6116"
  packageBytes: 79079
  exactArtifact:
    url: "https://github.com/longhorn/charts/releases/download/longhorn-1.12.1/longhorn-1.12.1.tgz"
    sha256: "c8cf4b35a9d872cd5f7e44fd26d8e6ac7c2abaee42f4e2f2a0b0ebbc6e3a6116"
    resolution: "artifact-addressed"
  evidence:
    exactArtifactRenderReceipt: "revisions/default/r001/receipts/render-receipt.yaml"
