apiVersion: "helm-expt.confighub.com/v1alpha1"
kind: "DependencyLock"
metadata:
  name: "bitnami-nginx-25.0.0"
spec:
  chart: "bitnami/nginx"
  version: "25.0.0"
  dependencies:
    -
      name: "common"
      repository: "oci://registry-1.docker.io/bitnamicharts"
      tags:
        - "bitnami-common"
      version: "2.40.0"
  chartLockDigest: null
