apiVersion: "helm-expt.confighub.com/v1alpha1"
kind: "AdversarialCorpusLock"
metadata:
  name: "public-helm-adversarial-10"
spec:
  source: "corpus.yaml"
  helmVersion: "v4.1.4+g05fa379"
  kubeVersion: "1.30.0"
  chartCount: 10
  charts:
    - 
      rank: 1
      id: "bitnami-redis"
      repository: "bitnami"
      repositoryURL: "https://charts.bitnami.com/bitnami"
      chart: "redis"
      version: "25.5.3"
      appVersion: "8.6.3"
      releaseName: "redis"
      namespace: "redis"
      packageSHA256: "aa5360967bc1adadf69f0ce91d762f0bb4d80ca36758b37d7d8f1ef981257baf"
      packageBytes: 104594
      renderStatus: "rendered"
      proofReadiness: "needs-generated-fact-binding"
      helmPlan: "data/adversarial10/charts/bitnami-redis-25.5.3/helm-plan.yaml"
      renderReceipt: "data/adversarial10/charts/bitnami-redis-25.5.3/render-receipt.yaml"
    - 
      rank: 2
      id: "jetstack-cert-manager"
      repository: "jetstack"
      repositoryURL: "https://charts.jetstack.io"
      chart: "cert-manager"
      version: "v1.20.2"
      appVersion: "v1.20.2"
      releaseName: "cert-manager"
      namespace: "cert-manager"
      packageSHA256: "d2a50bd44a09d838c2576a8f3dfca1524597c7393cf8d82ab3ec8a465b9eeb79"
      packageBytes: 147139
      renderStatus: "rendered"
      proofReadiness: "rendered-needs-control-points"
      helmPlan: "data/adversarial10/charts/jetstack-cert-manager-v1.20.2/helm-plan.yaml"
      renderReceipt: "data/adversarial10/charts/jetstack-cert-manager-v1.20.2/render-receipt.yaml"
    - 
      rank: 3
      id: "ingress-nginx-ingress-nginx"
      repository: "ingress-nginx"
      repositoryURL: "https://kubernetes.github.io/ingress-nginx"
      chart: "ingress-nginx"
      version: "4.15.1"
      appVersion: "1.15.1"
      releaseName: "ingress-nginx"
      namespace: "ingress-nginx"
      packageSHA256: "3eff0bd18151d6e6b1c441463410571443dda1ac78292cb189346628de784f0c"
      packageBytes: 63237
      renderStatus: "rendered"
      proofReadiness: "rendered-needs-control-points"
      helmPlan: "data/adversarial10/charts/ingress-nginx-ingress-nginx-4.15.1/helm-plan.yaml"
      renderReceipt: "data/adversarial10/charts/ingress-nginx-ingress-nginx-4.15.1/render-receipt.yaml"
    - 
      rank: 4
      id: "external-secrets-external-secrets"
      repository: "external-secrets"
      repositoryURL: "https://charts.external-secrets.io"
      chart: "external-secrets"
      version: "2.5.0"
      appVersion: "v2.5.0"
      releaseName: "external-secrets"
      namespace: "external-secrets"
      packageSHA256: "7f8cb50cd236cc0f8476b333119cb507a3becdc896fdb7ab16329e521911018f"
      packageBytes: 185739
      renderStatus: "rendered"
      proofReadiness: "rendered-needs-control-points"
      helmPlan: "data/adversarial10/charts/external-secrets-external-secrets-2.5.0/helm-plan.yaml"
      renderReceipt: "data/adversarial10/charts/external-secrets-external-secrets-2.5.0/render-receipt.yaml"
    - 
      rank: 5
      id: "prometheus-community-kube-prometheus-stack"
      repository: "prometheus-community"
      repositoryURL: "https://prometheus-community.github.io/helm-charts"
      chart: "kube-prometheus-stack"
      version: "85.3.3"
      appVersion: "v0.90.1"
      releaseName: "kube-prometheus-stack"
      namespace: "monitoring"
      packageSHA256: "ec622442bef2379e170ba0fdc90231d30f8f2886e3414813fe4ae1086779601e"
      packageBytes: 874778
      renderStatus: "rendered"
      proofReadiness: "needs-generated-fact-binding"
      helmPlan: "data/adversarial10/charts/prometheus-community-kube-prometheus-stack-85.3.3/helm-plan.yaml"
      renderReceipt: "data/adversarial10/charts/prometheus-community-kube-prometheus-stack-85.3.3/render-receipt.yaml"
    - 
      rank: 6
      id: "argo-cd-argo-cd"
      repository: "argo-cd"
      repositoryURL: "https://argoproj.github.io/argo-helm"
      chart: "argo-cd"
      version: "9.5.15"
      appVersion: "v3.4.2"
      releaseName: "argo-cd"
      namespace: "argocd"
      packageSHA256: "95502bea856e2e1e9bfbb7a5ab90d309970b4ffd098ff3dadb99188350768b9e"
      packageBytes: 221846
      renderStatus: "rendered"
      proofReadiness: "rendered-needs-control-points"
      helmPlan: "data/adversarial10/charts/argo-cd-argo-cd-9.5.15/helm-plan.yaml"
      renderReceipt: "data/adversarial10/charts/argo-cd-argo-cd-9.5.15/render-receipt.yaml"
    - 
      rank: 7
      id: "grafana-loki"
      repository: "grafana"
      repositoryURL: "https://grafana.github.io/helm-charts"
      chart: "loki"
      version: "7.0.0"
      appVersion: "3.6.7"
      releaseName: "loki"
      namespace: "loki"
      packageSHA256: "5eaa28e3535069de2a7ac1f7087ff558e5b4b4a24f0e158072a97e2391132f81"
      packageBytes: 170255
      renderStatus: "render-failed"
      proofReadiness: "blocked-needs-values-or-policy"
      helmPlan: "data/adversarial10/charts/grafana-loki-7.0.0/helm-plan.yaml"
      renderReceipt: "data/adversarial10/charts/grafana-loki-7.0.0/render-receipt.yaml"
    - 
      rank: 8
      id: "metrics-server-metrics-server"
      repository: "metrics-server"
      repositoryURL: "https://kubernetes-sigs.github.io/metrics-server/"
      chart: "metrics-server"
      version: "3.13.0"
      appVersion: "0.8.0"
      releaseName: "metrics-server"
      namespace: "kube-system"
      packageSHA256: "fb929902e3b7565663cdd1734f31d63735c932be1541a7228b5aeef6d2348a1f"
      packageBytes: 13979
      renderStatus: "rendered"
      proofReadiness: "rendered-needs-control-points"
      helmPlan: "data/adversarial10/charts/metrics-server-metrics-server-3.13.0/helm-plan.yaml"
      renderReceipt: "data/adversarial10/charts/metrics-server-metrics-server-3.13.0/render-receipt.yaml"
    - 
      rank: 9
      id: "bitnami-postgresql"
      repository: "bitnami"
      repositoryURL: "https://charts.bitnami.com/bitnami"
      chart: "postgresql"
      version: "18.6.7"
      appVersion: "18.4.0"
      releaseName: "postgresql"
      namespace: "postgresql"
      packageSHA256: "0ad5b7d9d50f53000b2369e3ee6aa70b32c3b91c363a118c78d9204ae3f98fe5"
      packageBytes: 89588
      renderStatus: "rendered"
      proofReadiness: "needs-generated-fact-binding"
      helmPlan: "data/adversarial10/charts/bitnami-postgresql-18.6.7/helm-plan.yaml"
      renderReceipt: "data/adversarial10/charts/bitnami-postgresql-18.6.7/render-receipt.yaml"
    - 
      rank: 10
      id: "bitnami-rabbitmq"
      repository: "bitnami"
      repositoryURL: "https://charts.bitnami.com/bitnami"
      chart: "rabbitmq"
      version: "16.0.14"
      appVersion: "4.1.3"
      releaseName: "rabbitmq"
      namespace: "rabbitmq"
      packageSHA256: "df625220cafdfe892e68c1b3f1a5500049acd227fe90b2deca04df13190a176b"
      packageBytes: 73978
      renderStatus: "rendered"
      proofReadiness: "needs-generated-fact-binding"
      helmPlan: "data/adversarial10/charts/bitnami-rabbitmq-16.0.14/helm-plan.yaml"
      renderReceipt: "data/adversarial10/charts/bitnami-rabbitmq-16.0.14/render-receipt.yaml"
