apiVersion: "helm-expt.confighub.com/v1alpha1"
kind: "SourceLock"
metadata:
  name: "autoscaler-vertical-pod-autoscaler-0-9-0"
spec:
  sourceType: "HelmChart"
  repositoryName: "autoscaler"
  repositoryURL: "https://kubernetes.github.io/autoscaler"
  chart: "vertical-pod-autoscaler"
  ref: "autoscaler/vertical-pod-autoscaler"
  version: "0.9.0"
  appVersion: "1.6.0"
  packageSHA256: "ee0af0da65261208fc3b9cbda37b4ad4e8faf8b6870fac1272b493416be66d2c"
  packageBytes: 18158
  capturedAt: "generated-by-next80-full-proof-harness"
