apiVersion: "helm-expt.confighub.com/v1alpha1"
kind: "SourceLock"
metadata:
  name: "percona-psmdb-operator-1-22-0"
spec:
  sourceType: "HelmChart"
  repositoryName: "percona"
  repositoryURL: "https://percona.github.io/percona-helm-charts/"
  chart: "psmdb-operator"
  ref: "percona/psmdb-operator"
  version: "1.22.0"
  appVersion: "1.22.0"
  packageSHA256: "8dde49710080a58437e59ca2f33ceb19a9c5d536ef672ed202649b19cfb6d18f"
  packageBytes: 72112
  capturedAt: "generated-by-next80-full-proof-harness"
