apiVersion: "helm-expt.confighub.com/v1alpha1"
kind: "DependencyLock"
metadata:
  name: "elastic-eck-operator-3-4-0"
spec:
  chart: "elastic/eck-operator"
  version: "3.4.0"
  dependencies:
    -
      name: "eck-operator-crds"
      version: "3.4.0"
      repository: ""
      condition: "installCRDs"
  chartLockDigest: "sha256:8da50d98a663bb1c414a549bffb0d1da27921dd682573461bdd0932321ef1c98"
