apiVersion: "helm-expt.confighub.com/v1alpha1"
kind: "SourceLock"
metadata:
  name: "aws-controllers-k8s-ec2-chart-1.18.4"
spec:
  sourceType: "HelmChart"
  repositoryName: "aws-controllers-k8s"
  chart: "ec2-chart"
  version: "1.18.4"
  appVersion: "1.18.4"
  packageSHA256: "17c082eac9ef1f859fdf72d4e86788ab7add27876da9f2ba7cd145eeea75bc20"
  packageBytes: 40228
  exactArtifact:
    url: "oci://public.ecr.aws/aws-controllers-k8s/ec2-chart:1.18.4"
    sha256: "17c082eac9ef1f859fdf72d4e86788ab7add27876da9f2ba7cd145eeea75bc20"
    manifestDigest: "sha256:93640fb691b06390968decea288af2d67457ca9bf42ffd933f973240fbb04728"
    resolution: "artifact-addressed"
