apiVersion: "helm-expt.confighub.com/v1alpha1"
kind: "SourceLock"
metadata:
  name: "aws-controllers-k8s-ec2-chart-1.18.4"
spec:
  sourceType: "HelmChart"
  repositoryName: "aws-controllers-k8s"
  repositoryURL: "oci://public.ecr.aws/aws-controllers-k8s"
  chart: "ec2-chart"
  version: "1.18.4"
  appVersion: "1.18.4"
  packageSHA256: "17c082eac9ef1f859fdf72d4e86788ab7add27876da9f2ba7cd145eeea75bc20"
  packageBytes: 40228
  exactArtifact:
    url: "oci://public.ecr.aws/aws-controllers-k8s/ec2-chart"
    sha256: "17c082eac9ef1f859fdf72d4e86788ab7add27876da9f2ba7cd145eeea75bc20"
    resolution: "artifact-addressed"
  evidence:
    exactArtifactRenderReceipt: "revisions/default/r001/receipts/render-receipt.yaml"
