apiVersion: catalog.confighub.com/v1alpha1
kind: SourceAndIntent
metadata:
  name: timoni-redis-8-10-1-default
spec:
  source:
    type: timoni
    module: oci://ghcr.io/stefanprodan/modules/redis
    version: 8.10.1
    manifestDigest: sha256:7f24e8f7e49132c90789464dcf5b82eb137e378c97735eec36efbe0d1caeb872
  processor:
    name: timoni
    version: 0.33.0
  selection:
    instance: redis
    namespace: redis
    values: examples/timoni/redis-8-10-1/selected-values.cue
    maskSecrets: true
  output:
    objects: examples/timoni/redis-8-10-1/rendered/release-objects.yaml
    inventory: examples/timoni/redis-8-10-1/rendered/object-inventory.json
  lifecycle:
    routeIntent: examples/timoni/redis-8-10-1/lifecycle-route-intent.yaml
    flatteningVerdict: examples/timoni/redis-8-10-1/flattening-safety-verdict.yaml
