apiVersion: "helm-expt.confighub.com/v1alpha1"
kind: "SourceLock"
metadata:
  name: "karpenter-karpenter-1.14.0"
spec:
  sourceType: "HelmChart"
  repositoryName: "karpenter"
  repositoryURL: "oci://public.ecr.aws/karpenter"
  chart: "karpenter"
  version: "1.14.0"
  appVersion: "1.14.0"
  packageSHA256: "d576f955623fa421933d69ea2badc422b24df318b352747a5cd3d18de710ffe2"
  packageBytes: 36923
  exactArtifact:
    url: "oci://public.ecr.aws/karpenter/karpenter"
    sha256: "d576f955623fa421933d69ea2badc422b24df318b352747a5cd3d18de710ffe2"
    resolution: "artifact-addressed"
  evidence:
    exactArtifactRenderReceipt: "revisions/default/r001/receipts/render-receipt.yaml"
